<?xml version="1.0" encoding="utf-8"?>
<Project ToolsVersion="4.0" xmlns="http://schemas.microsoft.com/developer/msbuild/2003">
  <ItemGroup>
    <Filter Include="Precompiled Headers">
      <UniqueIdentifier>{93995380-89BD-4b04-88EB-625FBE52EBFB}</UniqueIdentifier>
    </Filter>
    <Filter Include="Source">
      <UniqueIdentifier>{67DA6AB6-F800-4c08-8B7A-83BB121AAD01}</UniqueIdentifier>
      <Extensions>h;hh;hpp;hxx;inl;inc;template;c;cc;cpp;cxx</Extensions>
    </Filter>
  </ItemGroup>
  <ItemGroup>
    <ClInclude Include="..\src\renderer\pch.h">
      <Filter>Precompiled Headers</Filter>
    </ClInclude>
    <ClInclude Include="..\src\renderer\hitable.h">
      <Filter>Source</Filter>
    </ClInclude>
    <ClInclude Include="..\src\renderer\hitable_list.h">
      <Filter>Source</Filter>
    </ClInclude>
    <ClInclude Include="..\src\renderer\near.h">
      <Filter>Source</Filter>
    </ClInclude>
    <ClInclude Include="..\src\renderer\ray.h">
      <Filter>Source</Filter>
    </ClInclude>
    <ClInclude Include="..\src\renderer\sphere.h">
      <Filter>Source</Filter>
    </ClInclude>
    <ClInclude Include="..\src\renderer\vec3.h">
      <Filter>Source</Filter>
    </ClInclude>
    <ClInclude Include="..\src\renderer\camera.h">
      <Filter>Source</Filter>
    </ClInclude>
    <ClInclude Include="..\src\renderer\rand.h">
      <Filter>Source</Filter>
    </ClInclude>
    <ClInclude Include="..\src\renderer\material.h">
      <Filter>Source</Filter>
    </ClInclude>
    <ClInclude Include="..\src\renderer\metal.h">
      <Filter>Source</Filter>
    </ClInclude>
    <ClInclude Include="..\src\renderer\lambertian.h">
      <Filter>Source</Filter>
    </ClInclude>
    <ClInclude Include="..\src\renderer\renderer.h">
      <Filter>Source</Filter>
    </ClInclude>
    <ClInclude Include="..\src\renderer\dielectric.h">
      <Filter>Source</Filter>
    </ClInclude>
  </ItemGroup>
  <ItemGroup>
    <ClCompile Include="..\src\renderer\pch.cpp">
      <Filter>Precompiled Headers</Filter>
    </ClCompile>
    <ClCompile Include="..\src\renderer\hitable_list.cpp">
      <Filter>Source</Filter>
    </ClCompile>
    <ClCompile Include="..\src\renderer\sphere.cpp">
      <Filter>Source</Filter>
    </ClCompile>
    <ClCompile Include="..\src\renderer\vec3.cpp">
      <Filter>Source</Filter>
    </ClCompile>
    <ClCompile Include="..\src\renderer\metal.cpp">
      <Filter>Source</Filter>
    </ClCompile>
    <ClCompile Include="..\src\renderer\lambertian.cpp">
      <Filter>Source</Filter>
    </ClCompile>
    <ClCompile Include="..\src\renderer\renderer.cpp">
      <Filter>Source</Filter>
    </ClCompile>
    <ClCompile Include="..\src\renderer\dielectric.cpp">
      <Filter>Source</Filter>
    </ClCompile>
  </ItemGroup>
</Project>